# THIS IS AN AUTOGENERATED FILE. DO NOT EDIT THIS FILE DIRECTLY.
# yarn lockfile v1


"@umbriel/components@^0.1.1":
  version "0.1.1"
  resolved "https://registry.npmjs.org/@umbriel/components/-/components-0.1.1.tgz"
  integrity sha512-FBIQU/PwRNOyPwQTrGLdZSrkb5ipKeberwC7r6+d1vRact6rnR13DEdpnc4Mwe3feqqQMsUGRQT65G2WujL4Sg==
